<?xml version="1.0" encoding="utf-8"?>
<Project ToolsVersion="4.0" xmlns="http://schemas.microsoft.com/developer/msbuild/2003">
  <ItemGroup>
    <Filter Include="Source Files">
      <UniqueIdentifier>{4FC737F1-C7A5-4376-A066-2A32D752A2FF}</UniqueIdentifier>
      <Extensions>cpp;c;cc;cxx;c++;cppm;ixx;def;odl;idl;hpj;bat;asm;asmx</Extensions>
    </Filter>
    <Filter Include="Header Files">
      <UniqueIdentifier>{93995380-89BD-4b04-88EB-625FBE52EBFB}</UniqueIdentifier>
      <Extensions>h;hh;hpp;hxx;h++;hm;inl;inc;ipp;xsd</Extensions>
    </Filter>
    <Filter Include="Resource Files">
      <UniqueIdentifier>{67DA6AB6-F800-4c08-8B7A-83BB121AAD01}</UniqueIdentifier>
      <Extensions>rc;ico;cur;bmp;dlg;rc2;rct;bin;rgs;gif;jpg;jpeg;jpe;resx;tiff;tif;png;wav;mfcribbon-ms</Extensions>
    </Filter>
  </ItemGroup>
  <ItemGroup>
    <ClCompile Include="01_hello_SDL\01_hello_SDL.cpp">
      <Filter>Source Files</Filter>
    </ClCompile>
    <ClCompile Include="02_getting_an_image_on_the_screen\02_getting_an_image_on_the_screen.cpp">
      <Filter>Source Files</Filter>
    </ClCompile>
    <ClCompile Include="Mine.cpp">
      <Filter>Source Files</Filter>
    </ClCompile>
    <ClCompile Include="03_event_driven_programming\03_event_driven_programming.cpp">
      <Filter>Source Files</Filter>
    </ClCompile>
    <ClCompile Include="04_key_presses\04_key_presses.cpp">
      <Filter>Source Files</Filter>
    </ClCompile>
    <ClCompile Include="05_optimized_surface_loading_and_soft_stretching\05_optimized_surface_loading_and_soft_stretching.cpp">
      <Filter>Source Files</Filter>
    </ClCompile>
    <ClCompile Include="06_extension_libraries_and_loading_other_image_formats\06_extension_libraries_and_loading_other_image_formats.cpp">
      <Filter>Source Files</Filter>
    </ClCompile>
    <ClCompile Include="Mine2.cpp">
      <Filter>Source Files</Filter>
    </ClCompile>
    <ClCompile Include="07_texture_loading_and_rendering\07_texture_loading_and_rendering.cpp">
      <Filter>Source Files</Filter>
    </ClCompile>
    <ClCompile Include="ImageRender_Mine.cpp">
      <Filter>Source Files</Filter>
    </ClCompile>
    <ClCompile Include="09_the_viewport\09_the_viewport.cpp">
      <Filter>Source Files</Filter>
    </ClCompile>
    <ClCompile Include="10_color_keying\10_color_keying.cpp">
      <Filter>Source Files</Filter>
    </ClCompile>
    <ClCompile Include="ColorKeying_Mine.cpp">
      <Filter>Source Files</Filter>
    </ClCompile>
    <ClCompile Include="Class.cpp">
      <Filter>Source Files</Filter>
    </ClCompile>
    <ClCompile Include="ColorKeying_Mine\Texture_Mine.cpp">
      <Filter>Source Files</Filter>
    </ClCompile>
    <ClCompile Include="StartupStuff.cpp">
      <Filter>Source Files</Filter>
    </ClCompile>
    <ClCompile Include="11_clip_rendering_and_sprite_sheets\11_clip_rendering_and_sprite_sheets.cpp">
      <Filter>Source Files</Filter>
    </ClCompile>
    <ClCompile Include="12_color_modulation\12_color_modulation.cpp">
      <Filter>Source Files</Filter>
    </ClCompile>
    <ClCompile Include="13_alpha_blending\13_alpha_blending.cpp">
      <Filter>Source Files</Filter>
    </ClCompile>
    <ClCompile Include="14_animated_sprites_and_vsync\14_animated_sprites_and_vsync.cpp">
      <Filter>Source Files</Filter>
    </ClCompile>
    <ClCompile Include="15_rotation_and_flipping\15_rotation_and_flipping.cpp">
      <Filter>Source Files</Filter>
    </ClCompile>
  </ItemGroup>
  <ItemGroup>
    <Text Include="01_hello_SDL\readme.txt">
      <Filter>Source Files</Filter>
    </Text>
    <Text Include="02_getting_an_image_on_the_screen\readme.txt">
      <Filter>Source Files</Filter>
    </Text>
    <Text Include="03_event_driven_programming\readme.txt">
      <Filter>Source Files</Filter>
    </Text>
    <Text Include="04_key_presses\readme.txt">
      <Filter>Source Files</Filter>
    </Text>
    <Text Include="05_optimized_surface_loading_and_soft_stretching\readme.txt">
      <Filter>Source Files</Filter>
    </Text>
    <Text Include="06_extension_libraries_and_loading_other_image_formats\readme.txt">
      <Filter>Source Files</Filter>
    </Text>
    <Text Include="07_texture_loading_and_rendering\readme.txt">
      <Filter>Source Files</Filter>
    </Text>
  </ItemGroup>
  <ItemGroup>
    <Image Include="02_getting_an_image_on_the_screen\hello_world.bmp">
      <Filter>Source Files</Filter>
    </Image>
    <Image Include="03_event_driven_programming\x.bmp">
      <Filter>Source Files</Filter>
    </Image>
    <Image Include="04_key_presses\down.bmp">
      <Filter>Source Files</Filter>
    </Image>
    <Image Include="04_key_presses\left.bmp">
      <Filter>Source Files</Filter>
    </Image>
    <Image Include="04_key_presses\press.bmp">
      <Filter>Source Files</Filter>
    </Image>
    <Image Include="04_key_presses\right.bmp">
      <Filter>Source Files</Filter>
    </Image>
    <Image Include="04_key_presses\up.bmp">
      <Filter>Source Files</Filter>
    </Image>
    <Image Include="05_optimized_surface_loading_and_soft_stretching\stretch.bmp">
      <Filter>Source Files</Filter>
    </Image>
    <Image Include="06_extension_libraries_and_loading_other_image_formats\loaded.png">
      <Filter>Source Files</Filter>
    </Image>
    <Image Include="07_texture_loading_and_rendering\texture.png">
      <Filter>Source Files</Filter>
    </Image>
  </ItemGroup>
  <ItemGroup>
    <ClInclude Include="ColorKeying_Mine\Texture_Mine.h">
      <Filter>Source Files</Filter>
    </ClInclude>
    <ClInclude Include="Class.h">
      <Filter>Header Files</Filter>
    </ClInclude>
    <ClInclude Include="StartupStuff.h">
      <Filter>Header Files</Filter>
    </ClInclude>
    <ClInclude Include="ColorKeying_Mine\CommonVariables.h">
      <Filter>Source Files</Filter>
    </ClInclude>
  </ItemGroup>
</Project>